
Microsoft Visual Studio Solution File, Format Version 12.00
# Visual Studio Version 17
VisualStudioVersion = 17.14.36429.23 d17.14
MinimumVisualStudioVersion = 10.0.40219.1
Project("{FAE04EC0-301F-11D3-BF4B-00C04F79EFBC}") = "eVote360.Web", "eVote360.Web\eVote360.Web.csproj", "{2C364DEA-7D74-4A8B-AFC1-9F4181086315}"
EndProject
Project("{FAE04EC0-301F-11D3-BF4B-00C04F79EFBC}") = "eVote360.Domain", "eVote360.Domain\eVote360.Domain.csproj", "{2DB31889-5B04-488E-A248-A0606C930236}"
EndProject
Project("{FAE04EC0-301F-11D3-BF4B-00C04F79EFBC}") = "eVote360.Application", "eVote360.Application\eVote360.Application.csproj", "{BCA37AB4-AF06-4575-B15A-067FD22E19F0}"
EndProject
Project("{FAE04EC0-301F-11D3-BF4B-00C04F79EFBC}") = "eVote360.Infrastructure", "eVote360.Infrastructure\eVote360.Infrastructure.csproj", "{CA1440CD-185D-4881-869F-2B3FB12C3F6F}"
EndProject
Project("{FAE04EC0-301F-11D3-BF4B-00C04F79EFBC}") = "eVote360.Shared", "eVote360.Shared\eVote360.Shared.csproj", "{069C7E62-9D51-4FE4-AE80-F59E76DDAE10}"
EndProject
Global
	GlobalSection(SolutionConfigurationPlatforms) = preSolution
		Debug|Any CPU = Debug|Any CPU
		Release|Any CPU = Release|Any CPU
	EndGlobalSection
	GlobalSection(ProjectConfigurationPlatforms) = postSolution
		{2C364DEA-7D74-4A8B-AFC1-9F4181086315}.Debug|Any CPU.ActiveCfg = Debug|Any CPU
		{2C364DEA-7D74-4A8B-AFC1-9F4181086315}.Debug|Any CPU.Build.0 = Debug|Any CPU
		{2C364DEA-7D74-4A8B-AFC1-9F4181086315}.Release|Any CPU.ActiveCfg = Release|Any CPU
		{2C364DEA-7D74-4A8B-AFC1-9F4181086315}.Release|Any CPU.Build.0 = Release|Any CPU
		{2DB31889-5B04-488E-A248-A0606C930236}.Debug|Any CPU.ActiveCfg = Debug|Any CPU
		{2DB31889-5B04-488E-A248-A0606C930236}.Debug|Any CPU.Build.0 = Debug|Any CPU
		{2DB31889-5B04-488E-A248-A0606C930236}.Release|Any CPU.ActiveCfg = Release|Any CPU
		{2DB31889-5B04-488E-A248-A0606C930236}.Release|Any CPU.Build.0 = Release|Any CPU
		{BCA37AB4-AF06-4575-B15A-067FD22E19F0}.Debug|Any CPU.ActiveCfg = Debug|Any CPU
		{BCA37AB4-AF06-4575-B15A-067FD22E19F0}.Debug|Any CPU.Build.0 = Debug|Any CPU
		{BCA37AB4-AF06-4575-B15A-067FD22E19F0}.Release|Any CPU.ActiveCfg = Release|Any CPU
		{BCA37AB4-AF06-4575-B15A-067FD22E19F0}.Release|Any CPU.Build.0 = Release|Any CPU
		{CA1440CD-185D-4881-869F-2B3FB12C3F6F}.Debug|Any CPU.ActiveCfg = Debug|Any CPU
		{CA1440CD-185D-4881-869F-2B3FB12C3F6F}.Debug|Any CPU.Build.0 = Debug|Any CPU
		{CA1440CD-185D-4881-869F-2B3FB12C3F6F}.Release|Any CPU.ActiveCfg = Release|Any CPU
		{CA1440CD-185D-4881-869F-2B3FB12C3F6F}.Release|Any CPU.Build.0 = Release|Any CPU
		{069C7E62-9D51-4FE4-AE80-F59E76DDAE10}.Debug|Any CPU.ActiveCfg = Debug|Any CPU
		{069C7E62-9D51-4FE4-AE80-F59E76DDAE10}.Debug|Any CPU.Build.0 = Debug|Any CPU
		{069C7E62-9D51-4FE4-AE80-F59E76DDAE10}.Release|Any CPU.ActiveCfg = Release|Any CPU
		{069C7E62-9D51-4FE4-AE80-F59E76DDAE10}.Release|Any CPU.Build.0 = Release|Any CPU
	EndGlobalSection
	GlobalSection(SolutionProperties) = preSolution
		HideSolutionNode = FALSE
	EndGlobalSection
	GlobalSection(ExtensibilityGlobals) = postSolution
		SolutionGuid = {6BAAA72D-B214-432D-9419-1FD97017632D}
	EndGlobalSection
EndGlobal
